
Microsoft Visual Studio Solution File, Format Version 12.00
# Visual Studio Version 17
VisualStudioVersion = 17.12.35527.113
MinimumVisualStudioVersion = 10.0.40219.1
Project("{FAE04EC0-301F-11D3-BF4B-00C04F79EFBC}") = "Snake", "Snake\Snake.csproj", "{18C028C4-9DAC-42A4-872F-20668FB2B55E}"
EndProject
Project("{FAE04EC0-301F-11D3-BF4B-00C04F79EFBC}") = "Common", "Common\Common.csproj", "{ED32BB85-B976-4DC7-9DFB-AEC288AD99F6}"
EndProject
Project("{FAE04EC0-301F-11D3-BF4B-00C04F79EFBC}") = "SnakeWPF", "SnakeWPF\SnakeWPF.csproj", "{CF34E0E6-C684-4442-84DB-57A60AEF00D5}"
EndProject
Global
	GlobalSection(SolutionConfigurationPlatforms) = preSolution
		Debug|Any CPU = Debug|Any CPU
		Release|Any CPU = Release|Any CPU
	EndGlobalSection
	GlobalSection(ProjectConfigurationPlatforms) = postSolution
		{18C028C4-9DAC-42A4-872F-20668FB2B55E}.Debug|Any CPU.ActiveCfg = Debug|Any CPU
		{18C028C4-9DAC-42A4-872F-20668FB2B55E}.Debug|Any CPU.Build.0 = Debug|Any CPU
		{18C028C4-9DAC-42A4-872F-20668FB2B55E}.Release|Any CPU.ActiveCfg = Release|Any CPU
		{18C028C4-9DAC-42A4-872F-20668FB2B55E}.Release|Any CPU.Build.0 = Release|Any CPU
		{ED32BB85-B976-4DC7-9DFB-AEC288AD99F6}.Debug|Any CPU.ActiveCfg = Debug|Any CPU
		{ED32BB85-B976-4DC7-9DFB-AEC288AD99F6}.Debug|Any CPU.Build.0 = Debug|Any CPU
		{ED32BB85-B976-4DC7-9DFB-AEC288AD99F6}.Release|Any CPU.ActiveCfg = Release|Any CPU
		{ED32BB85-B976-4DC7-9DFB-AEC288AD99F6}.Release|Any CPU.Build.0 = Release|Any CPU
		{CF34E0E6-C684-4442-84DB-57A60AEF00D5}.Debug|Any CPU.ActiveCfg = Debug|Any CPU
		{CF34E0E6-C684-4442-84DB-57A60AEF00D5}.Debug|Any CPU.Build.0 = Debug|Any CPU
		{CF34E0E6-C684-4442-84DB-57A60AEF00D5}.Release|Any CPU.ActiveCfg = Release|Any CPU
		{CF34E0E6-C684-4442-84DB-57A60AEF00D5}.Release|Any CPU.Build.0 = Release|Any CPU
	EndGlobalSection
	GlobalSection(SolutionProperties) = preSolution
		HideSolutionNode = FALSE
	EndGlobalSection
	GlobalSection(ExtensibilityGlobals) = postSolution
		SolutionGuid = {AF33D83E-9155-4065-8405-918E57FFB9BD}
	EndGlobalSection
EndGlobal
