
Microsoft Visual Studio Solution File, Format Version 12.00
# Visual Studio Version 17
VisualStudioVersion = 17.14.36414.22 d17.14
MinimumVisualStudioVersion = 10.0.40219.1
Project("{FAE04EC0-301F-11D3-BF4B-00C04F79EFBC}") = "pr7", "pr7\pr7.csproj", "{1BE74775-B4B2-42B6-AB09-DD750848C8F5}"
EndProject
Global
	GlobalSection(SolutionConfigurationPlatforms) = preSolution
		Debug|Any CPU = Debug|Any CPU
		Release|Any CPU = Release|Any CPU
	EndGlobalSection
	GlobalSection(ProjectConfigurationPlatforms) = postSolution
		{1BE74775-B4B2-42B6-AB09-DD750848C8F5}.Debug|Any CPU.ActiveCfg = Debug|Any CPU
		{1BE74775-B4B2-42B6-AB09-DD750848C8F5}.Debug|Any CPU.Build.0 = Debug|Any CPU
		{1BE74775-B4B2-42B6-AB09-DD750848C8F5}.Release|Any CPU.ActiveCfg = Release|Any CPU
		{1BE74775-B4B2-42B6-AB09-DD750848C8F5}.Release|Any CPU.Build.0 = Release|Any CPU
	EndGlobalSection
	GlobalSection(SolutionProperties) = preSolution
		HideSolutionNode = FALSE
	EndGlobalSection
	GlobalSection(ExtensibilityGlobals) = postSolution
		SolutionGuid = {D8B47B26-3BCA-4768-973D-0B79CDE83997}
	EndGlobalSection
EndGlobal
