
Microsoft Visual Studio Solution File, Format Version 12.00
# Visual Studio Version 17
VisualStudioVersion = 17.7.34031.279
MinimumVisualStudioVersion = 10.0.40219.1
Project("{FAE04EC0-301F-11D3-BF4B-00C04F79EFBC}") = "Client", "Client\Client.csproj", "{5E55BD09-37B4-443D-A274-535A84E374A5}"
EndProject
Project("{FAE04EC0-301F-11D3-BF4B-00C04F79EFBC}") = "Server", "Server\Server.csproj", "{996FD3C1-E6A3-4E56-98CF-4A7CBD285FF3}"
EndProject
Global
	GlobalSection(SolutionConfigurationPlatforms) = preSolution
		Debug|Any CPU = Debug|Any CPU
		Release|Any CPU = Release|Any CPU
	EndGlobalSection
	GlobalSection(ProjectConfigurationPlatforms) = postSolution
		{5E55BD09-37B4-443D-A274-535A84E374A5}.Debug|Any CPU.ActiveCfg = Debug|Any CPU
		{5E55BD09-37B4-443D-A274-535A84E374A5}.Debug|Any CPU.Build.0 = Debug|Any CPU
		{5E55BD09-37B4-443D-A274-535A84E374A5}.Release|Any CPU.ActiveCfg = Release|Any CPU
		{5E55BD09-37B4-443D-A274-535A84E374A5}.Release|Any CPU.Build.0 = Release|Any CPU
		{996FD3C1-E6A3-4E56-98CF-4A7CBD285FF3}.Debug|Any CPU.ActiveCfg = Debug|Any CPU
		{996FD3C1-E6A3-4E56-98CF-4A7CBD285FF3}.Debug|Any CPU.Build.0 = Debug|Any CPU
		{996FD3C1-E6A3-4E56-98CF-4A7CBD285FF3}.Release|Any CPU.ActiveCfg = Release|Any CPU
		{996FD3C1-E6A3-4E56-98CF-4A7CBD285FF3}.Release|Any CPU.Build.0 = Release|Any CPU
	EndGlobalSection
	GlobalSection(SolutionProperties) = preSolution
		HideSolutionNode = FALSE
	EndGlobalSection
	GlobalSection(ExtensibilityGlobals) = postSolution
		SolutionGuid = {8571DD5D-A1E7-494B-B147-D0CE432EBA9C}
	EndGlobalSection
EndGlobal
